
Microsoft Visual Studio Solution File, Format Version 12.00
# Visual Studio Version 16
VisualStudioVersion = 16.0.29215.179
MinimumVisualStudioVersion = 10.0.40219.1
Project("{FAE04EC0-301F-11D3-BF4B-00C04F79EFBC}") = "CashRegister", "CashRegister\CashRegister.csproj", "{8F584560-5569-4298-8F40-B138F847FC39}"
EndProject
Global
	GlobalSection(SolutionConfigurationPlatforms) = preSolution
		Debug|Any CPU = Debug|Any CPU
		Release|Any CPU = Release|Any CPU
	EndGlobalSection
	GlobalSection(ProjectConfigurationPlatforms) = postSolution
		{8F584560-5569-4298-8F40-B138F847FC39}.Debug|Any CPU.ActiveCfg = Debug|Any CPU
		{8F584560-5569-4298-8F40-B138F847FC39}.Debug|Any CPU.Build.0 = Debug|Any CPU
		{8F584560-5569-4298-8F40-B138F847FC39}.Release|Any CPU.ActiveCfg = Release|Any CPU
		{8F584560-5569-4298-8F40-B138F847FC39}.Release|Any CPU.Build.0 = Release|Any CPU
	EndGlobalSection
	GlobalSection(SolutionProperties) = preSolution
		HideSolutionNode = FALSE
	EndGlobalSection
	GlobalSection(ExtensibilityGlobals) = postSolution
		SolutionGuid = {81531A23-DFB7-4826-96FC-D512DD2714EE}
	EndGlobalSection
EndGlobal
